
Microsoft Visual Studio Solution File, Format Version 12.00
# Visual Studio 15
VisualStudioVersion = 15.0.28307.421
MinimumVisualStudioVersion = 10.0.40219.1
Project("{FAE04EC0-301F-11D3-BF4B-00C04F79EFBC}") = "KeePassOpenId", "KeePassOpenId\KeePassOpenId.csproj", "{06793B1D-F7A3-4AA2-8414-53BAD2CAA405}"
EndProject
Global
	GlobalSection(SolutionConfigurationPlatforms) = preSolution
		Debug|Any CPU = Debug|Any CPU
		Release|Any CPU = Release|Any CPU
	EndGlobalSection
	GlobalSection(ProjectConfigurationPlatforms) = postSolution
		{06793B1D-F7A3-4AA2-8414-53BAD2CAA405}.Debug|Any CPU.ActiveCfg = Debug|Any CPU
		{06793B1D-F7A3-4AA2-8414-53BAD2CAA405}.Debug|Any CPU.Build.0 = Debug|Any CPU
		{06793B1D-F7A3-4AA2-8414-53BAD2CAA405}.Release|Any CPU.ActiveCfg = Release|Any CPU
		{06793B1D-F7A3-4AA2-8414-53BAD2CAA405}.Release|Any CPU.Build.0 = Release|Any CPU
	EndGlobalSection
	GlobalSection(SolutionProperties) = preSolution
		HideSolutionNode = FALSE
	EndGlobalSection
	GlobalSection(ExtensibilityGlobals) = postSolution
		SolutionGuid = {5B257BDF-D5CC-4E2A-A280-99B93AFAFD9E}
	EndGlobalSection
EndGlobal
